
Microsoft Visual Studio Solution File, Format Version 12.00
# Visual Studio Version 17
VisualStudioVersion = 17.8.34525.116
MinimumVisualStudioVersion = 10.0.40219.1
Project("{FAE04EC0-301F-11D3-BF4B-00C04F79EFBC}") = "Miller-RabinWithBigInt", "Miller-RabinWithBigInt\Miller-RabinWithBigInt.csproj", "{15E4E5A5-D1A1-4FB4-839B-F345220BB175}"
EndProject
Global
	GlobalSection(SolutionConfigurationPlatforms) = preSolution
		Debug|Any CPU = Debug|Any CPU
		Release|Any CPU = Release|Any CPU
	EndGlobalSection
	GlobalSection(ProjectConfigurationPlatforms) = postSolution
		{15E4E5A5-D1A1-4FB4-839B-F345220BB175}.Debug|Any CPU.ActiveCfg = Debug|Any CPU
		{15E4E5A5-D1A1-4FB4-839B-F345220BB175}.Debug|Any CPU.Build.0 = Debug|Any CPU
		{15E4E5A5-D1A1-4FB4-839B-F345220BB175}.Release|Any CPU.ActiveCfg = Release|Any CPU
		{15E4E5A5-D1A1-4FB4-839B-F345220BB175}.Release|Any CPU.Build.0 = Release|Any CPU
	EndGlobalSection
	GlobalSection(SolutionProperties) = preSolution
		HideSolutionNode = FALSE
	EndGlobalSection
	GlobalSection(ExtensibilityGlobals) = postSolution
		SolutionGuid = {DF9105AA-60F9-4031-AEC5-A7AFBB970F04}
	EndGlobalSection
EndGlobal
